
Microsoft Visual Studio Solution File, Format Version 12.00
# Visual Studio 15
VisualStudioVersion = 15.0.26430.14
MinimumVisualStudioVersion = 10.0.40219.1
Project("{2150E333-8FDC-42A3-9474-1A3956D46DE8}") = "Solution Items", "Solution Items", "{B09A7D8C-B77E-49F7-AD74-430BA89F2792}"
	ProjectSection(SolutionItems) = preProject
		AssemblyVersion.cs = AssemblyVersion.cs
		ATZ.DependencyInjection.xml = ATZ.DependencyInjection.xml
		LICENSE.txt = LICENSE.txt
	EndProjectSection
EndProject
Project("{FAE04EC0-301F-11D3-BF4B-00C04F79EFBC}") = "ATZ.DependencyInjection.Tests", "ATZ.DependencyInjection.Tests\ATZ.DependencyInjection.Tests.csproj", "{024C3405-73F5-4298-A108-4E45BE568315}"
EndProject
Project("{FAE04EC0-301F-11D3-BF4B-00C04F79EFBC}") = "ATZ.DependencyInjection.System", "ATZ.DependencyInjection.System\ATZ.DependencyInjection.System.csproj", "{681476D3-BBE2-46B4-978F-A6AF834C03D6}"
EndProject
Project("{FAE04EC0-301F-11D3-BF4B-00C04F79EFBC}") = "ATZ.DependencyInjection.System.Windows", "ATZ.DependencyInjection.System.Windows\ATZ.DependencyInjection.System.Windows.csproj", "{C9442B98-6077-4066-A102-74E37110433A}"
EndProject
Project("{FAE04EC0-301F-11D3-BF4B-00C04F79EFBC}") = "ATZ.DependencyInjection", "ATZ.DependencyInjection\ATZ.DependencyInjection.csproj", "{3B648593-1298-4287-8AC5-77D627327985}"
EndProject
Global
	GlobalSection(SolutionConfigurationPlatforms) = preSolution
		Debug|Any CPU = Debug|Any CPU
		Release|Any CPU = Release|Any CPU
	EndGlobalSection
	GlobalSection(ProjectConfigurationPlatforms) = postSolution
		{024C3405-73F5-4298-A108-4E45BE568315}.Debug|Any CPU.ActiveCfg = Debug|Any CPU
		{024C3405-73F5-4298-A108-4E45BE568315}.Debug|Any CPU.Build.0 = Debug|Any CPU
		{024C3405-73F5-4298-A108-4E45BE568315}.Release|Any CPU.ActiveCfg = Release|Any CPU
		{024C3405-73F5-4298-A108-4E45BE568315}.Release|Any CPU.Build.0 = Release|Any CPU
		{681476D3-BBE2-46B4-978F-A6AF834C03D6}.Debug|Any CPU.ActiveCfg = Debug|Any CPU
		{681476D3-BBE2-46B4-978F-A6AF834C03D6}.Debug|Any CPU.Build.0 = Debug|Any CPU
		{681476D3-BBE2-46B4-978F-A6AF834C03D6}.Release|Any CPU.ActiveCfg = Release|Any CPU
		{681476D3-BBE2-46B4-978F-A6AF834C03D6}.Release|Any CPU.Build.0 = Release|Any CPU
		{C9442B98-6077-4066-A102-74E37110433A}.Debug|Any CPU.ActiveCfg = Debug|Any CPU
		{C9442B98-6077-4066-A102-74E37110433A}.Debug|Any CPU.Build.0 = Debug|Any CPU
		{C9442B98-6077-4066-A102-74E37110433A}.Release|Any CPU.ActiveCfg = Release|Any CPU
		{C9442B98-6077-4066-A102-74E37110433A}.Release|Any CPU.Build.0 = Release|Any CPU
		{3B648593-1298-4287-8AC5-77D627327985}.Debug|Any CPU.ActiveCfg = Debug|Any CPU
		{3B648593-1298-4287-8AC5-77D627327985}.Debug|Any CPU.Build.0 = Debug|Any CPU
		{3B648593-1298-4287-8AC5-77D627327985}.Release|Any CPU.ActiveCfg = Release|Any CPU
		{3B648593-1298-4287-8AC5-77D627327985}.Release|Any CPU.Build.0 = Release|Any CPU
	EndGlobalSection
	GlobalSection(SolutionProperties) = preSolution
		HideSolutionNode = FALSE
	EndGlobalSection
EndGlobal
